// !$*UTF8*$!
{
	archiveVersion = 1;
	classes = {
	};
	objectVersion = 50;
	objects = {

/* Begin PBXBuildFile section */
		C2B6222523F7931B00D01AAE /* AppDelegate.swift in Sources */ = {isa = PBXBuildFile; fileRef = C2B6222423F7931B00D01AAE /* AppDelegate.swift */; };
		C2B6222723F7931B00D01AAE /* SceneDelegate.swift in Sources */ = {isa = PBXBuildFile; fileRef = C2B6222623F7931B00D01AAE /* SceneDelegate.swift */; };
		C2B6222923F7931B00D01AAE /* ContentView.swift in Sources */ = {isa = PBXBuildFile; fileRef = C2B6222823F7931B00D01AAE /* ContentView.swift */; };
		C2B6222B23F7931D00D01AAE /* Assets.xcassets in Resources */ = {isa = PBXBuildFile; fileRef = C2B6222A23F7931D00D01AAE /* Assets.xcassets */; };
		C2B6222E23F7931D00D01AAE /* Preview Assets.xcassets in Resources */ = {isa = PBXBuildFile; fileRef = C2B6222D23F7931D00D01AAE /* Preview Assets.xcassets */; };
		C2B6223123F7931D00D01AAE /* LaunchScreen.storyboard in Resources */ = {isa = PBXBuildFile; fileRef = C2B6222F23F7931D00D01AAE /* LaunchScreen.storyboard */; };
		C2B6223923F7933600D01AAE /* Dog.swift in Sources */ = {isa = PBXBuildFile; fileRef = C2B6223823F7933600D01AAE /* Dog.swift */; };
		C2B6223D23F7B4B100D01AAE /* Story.swift in Sources */ = {isa = PBXBuildFile; fileRef = C2B6223C23F7B4B100D01AAE /* Story.swift */; };
/* End PBXBuildFile section */

/* Begin PBXFileReference section */
		C2B6222123F7931B00D01AAE /* DogsSwiftUI.app */ = {isa = PBXFileReference; explicitFileType = wrapper.application; includeInIndex = 0; path = DogsSwiftUI.app; sourceTree = BUILT_PRODUCTS_DIR; };
		C2B6222423F7931B00D01AAE /* AppDelegate.swift */ = {isa = PBXFileReference; lastKnownFileType = sourcecode.swift; path = AppDelegate.swift; sourceTree = "<group>"; };
		C2B6222623F7931B00D01AAE /* SceneDelegate.swift */ = {isa = PBXFileReference; lastKnownFileType = sourcecode.swift; path = SceneDelegate.swift; sourceTree = "<group>"; };
		C2B6222823F7931B00D01AAE /* ContentView.swift */ = {isa = PBXFileReference; lastKnownFileType = sourcecode.swift; path = ContentView.swift; sourceTree = "<group>"; };
		C2B6222A23F7931D00D01AAE /* Assets.xcassets */ = {isa = PBXFileReference; lastKnownFileType = folder.assetcatalog; path = Assets.xcassets; sourceTree = "<group>"; };
		C2B6222D23F7931D00D01AAE /* Preview Assets.xcassets */ = {isa = PBXFileReference; lastKnownFileType = folder.assetcatalog; path = "Preview Assets.xcassets"; sourceTree = "<group>"; };
		C2B6223023F7931D00D01AAE /* Base */ = {isa = PBXFileReference; lastKnownFileType = file.storyboard; name = Base; path = Base.lproj/LaunchScreen.storyboard; sourceTree = "<group>"; };
		C2B6223223F7931D00D01AAE /* Info.plist */ = {isa = PBXFileReference; lastKnownFileType = text.plist.xml; path = Info.plist; sourceTree = "<group>"; };
		C2B6223823F7933600D01AAE /* Dog.swift */ = {isa = PBXFileReference; lastKnownFileType = sourcecode.swift; path = Dog.swift; sourceTree = "<group>"; };
		C2B6223C23F7B4B100D01AAE /* Story.swift */ = {isa = PBXFileReference; lastKnownFileType = sourcecode.swift; path = Story.swift; sourceTree = "<group>"; };
/* End PBXFileReference section */

/* Begin PBXFrameworksBuildPhase section */
		C2B6221E23F7931B00D01AAE /* Frameworks */ = {
			isa = PBXFrameworksBuildPhase;
			buildActionMask = 2147483647;
			files = (
			);
			runOnlyForDeploymentPostprocessing = 0;
		};
/* End PBXFrameworksBuildPhase section */

/* Begin PBXGroup section */
		C2B6221823F7931B00D01AAE = {
			isa = PBXGroup;
			children = (
				C2B6222323F7931B00D01AAE /* DogsSwiftUI */,
				C2B6222223F7931B00D01AAE /* Products */,
			);
			sourceTree = "<group>";
		};
		C2B6222223F7931B00D01AAE /* Products */ = {
			isa = PBXGroup;
			children = (
				C2B6222123F7931B00D01AAE /* DogsSwiftUI.app */,
			);
			name = Products;
			sourceTree = "<group>";
		};
		C2B6222323F7931B00D01AAE /* DogsSwiftUI */ = {
			isa = PBXGroup;
			children = (
				C2B6222423F7931B00D01AAE /* AppDelegate.swift */,
				C2B6222623F7931B00D01AAE /* SceneDelegate.swift */,
				C2B6222823F7931B00D01AAE /* ContentView.swift */,
				C2B6223823F7933600D01AAE /* Dog.swift */,
				C2B6223C23F7B4B100D01AAE /* Story.swift */,
				C2B6222A23F7931D00D01AAE /* Assets.xcassets */,
				C2B6222F23F7931D00D01AAE /* LaunchScreen.storyboard */,
				C2B6223223F7931D00D01AAE /* Info.plist */,
				C2B6222C23F7931D00D01AAE /* Preview Content */,
			);
			path = DogsSwiftUI;
			sourceTree = "<group>";
		};
		C2B6222C23F7931D00D01AAE /* Preview Content */ = {
			isa = PBXGroup;
			children = (
				C2B6222D23F7931D00D01AAE /* Preview Assets.xcassets */,
			);
			path = "Preview Content";
			sourceTree = "<group>";
		};
/* End PBXGroup section */

/* Begin PBXNativeTarget section */
		C2B6222023F7931B00D01AAE /* DogsSwiftUI */ = {
			isa = PBXNativeTarget;
			buildConfigurationList = C2B6223523F7931D00D01AAE /* Build configuration list for PBXNativeTarget "DogsSwiftUI" */;
			buildPhases = (
				C2B6221D23F7931B00D01AAE /* Sources */,
				C2B6221E23F7931B00D01AAE /* Frameworks */,
				C2B6221F23F7931B00D01AAE /* Resources */,
			);
			buildRules = (
			);
			dependencies = (
			);
			name = DogsSwiftUI;
			productName = DogsSwiftUI;
			productReference = C2B6222123F7931B00D01AAE /* DogsSwiftUI.app */;
			productType = "com.apple.product-type.application";
		};
/* End PBXNativeTarget section */

/* Begin PBXProject section */
		C2B6221923F7931B00D01AAE /* Project object */ = {
			isa = PBXProject;
			attributes = {
				LastSwiftUpdateCheck = 1120;
				LastUpgradeCheck = 1120;
				ORGANIZATIONNAME = cornellappdev;
				TargetAttributes = {
					C2B6222023F7931B00D01AAE = {
						CreatedOnToolsVersion = 11.2.1;
					};
				};
			};
			buildConfigurationList = C2B6221C23F7931B00D01AAE /* Build configuration list for PBXProject "DogsSwiftUI" */;
			compatibilityVersion = "Xcode 9.3";
			developmentRegion = en;
			hasScannedForEncodings = 0;
			knownRegions = (
				en,
				Base,
			);
			mainGroup = C2B6221823F7931B00D01AAE;
			productRefGroup = C2B6222223F7931B00D01AAE /* Products */;
			projectDirPath = "";
			projectRoot = "";
			targets = (
				C2B6222023F7931B00D01AAE /* DogsSwiftUI */,
			);
		};
/* End PBXProject section */

/* Begin PBXResourcesBuildPhase section */
		C2B6221F23F7931B00D01AAE /* Resources */ = {
			isa = PBXResourcesBuildPhase;
			buildActionMask = 2147483647;
			files = (
				C2B6223123F7931D00D01AAE /* LaunchScreen.storyboard in Resources */,
				C2B6222E23F7931D00D01AAE /* Preview Assets.xcassets in Resources */,
				C2B6222B23F7931D00D01AAE /* Assets.xcassets in Resources */,
			);
			runOnlyForDeploymentPostprocessing = 0;
		};
/* End PBXResourcesBuildPhase section */

/* Begin PBXSourcesBuildPhase section */
		C2B6221D23F7931B00D01AAE /* Sources */ = {
			isa = PBXSourcesBuildPhase;
			buildActionMask = 2147483647;
			files = (
				C2B6222523F7931B00D01AAE /* AppDelegate.swift in Sources */,
				C2B6222723F7931B00D01AAE /* SceneDelegate.swift in Sources */,
				C2B6223923F7933600D01AAE /* Dog.swift in Sources */,
				C2B6222923F7931B00D01AAE /* ContentView.swift in Sources */,
				C2B6223D23F7B4B100D01AAE /* Story.swift in Sources */,
			);
			runOnlyForDeploymentPostprocessing = 0;
		};
/* End PBXSourcesBuildPhase section */

/* Begin PBXVariantGroup section */
		C2B6222F23F7931D00D01AAE /* LaunchScreen.storyboard */ = {
			isa = PBXVariantGroup;
			children = (
				C2B6223023F7931D00D01AAE /* Base */,
			);
			name = LaunchScreen.storyboard;
			sourceTree = "<group>";
		};
/* End PBXVariantGroup section */

/* Begin XCBuildConfiguration section */
		C2B6223323F7931D00D01AAE /* Debug */ = {
			isa = XCBuildConfiguration;
			buildSettings = {
				ALWAYS_SEARCH_USER_PATHS = NO;
				CLANG_ANALYZER_NONNULL = YES;
				CLANG_ANALYZER_NUMBER_OBJECT_CONVERSION = YES_AGGRESSIVE;
				CLANG_CXX_LANGUAGE_STANDARD = "gnu++14";
				CLANG_CXX_LIBRARY = "libc++";
				CLANG_ENABLE_MODULES = YES;
				CLANG_ENABLE_OBJC_ARC = YES;
				CLANG_ENABLE_OBJC_WEAK = YES;
				CLANG_WARN_BLOCK_CAPTURE_AUTORELEASING = YES;
				CLANG_WARN_BOOL_CONVERSION = YES;
				CLANG_WARN_COMMA = YES;
				CLANG_WARN_CONSTANT_CONVERSION = YES;
				CLANG_WARN_DEPRECATED_OBJC_IMPLEMENTATIONS = YES;
				CLANG_WARN_DIRECT_OBJC_ISA_USAGE = YES_ERROR;
				CLANG_WARN_DOCUMENTATION_COMMENTS = YES;
				CLANG_WARN_EMPTY_BODY = YES;
				CLANG_WARN_ENUM_CONVERSION = YES;
				CLANG_WARN_INFINITE_RECURSION = YES;
				CLANG_WARN_INT_CONVERSION = YES;
				CLANG_WARN_NON_LITERAL_NULL_CONVERSION = YES;
				CLANG_WARN_OBJC_IMPLICIT_RETAIN_SELF = YES;
				CLANG_WARN_OBJC_LITERAL_CONVERSION = YES;
				CLANG_WARN_OBJC_ROOT_CLASS = YES_ERROR;
				CLANG_WARN_RANGE_LOOP_ANALYSIS = YES;
				CLANG_WARN_STRICT_PROTOTYPES = YES;
				CLANG_WARN_SUSPICIOUS_MOVE = YES;
				CLANG_WARN_UNGUARDED_AVAILABILITY = YES_AGGRESSIVE;
				CLANG_WARN_UNREACHABLE_CODE = YES;
				CLANG_WARN__DUPLICATE_METHOD_MATCH = YES;
				COPY_PHASE_STRIP = NO;
				DEBUG_INFORMATION_FORMAT = dwarf;
				ENABLE_STRICT_OBJC_MSGSEND = YES;
				ENABLE_TESTABILITY = YES;
				GCC_C_LANGUAGE_STANDARD = gnu11;
				GCC_DYNAMIC_NO_PIC = NO;
				GCC_NO_COMMON_BLOCKS = YES;
				GCC_OPTIMIZATION_LEVEL = 0;
				GCC_PREPROCESSOR_DEFINITIONS = (
					"DEBUG=1",
					"$(inherited)",
				);
				GCC_WARN_64_TO_32_BIT_CONVERSION = YES;
				GCC_WARN_ABOUT_RETURN_TYPE = YES_ERROR;
				GCC_WARN_UNDECLARED_SELECTOR = YES;
				GCC_WARN_UNINITIALIZED_AUTOS = YES_AGGRESSIVE;
				GCC_WARN_UNUSED_FUNCTION = YES;
				GCC_WARN_UNUSED_VARIABLE = YES;
				IPHONEOS_DEPLOYMENT_TARGET = 13.2;
				MTL_ENABLE_DEBUG_INFO = INCLUDE_SOURCE;
				MTL_FAST_MATH = YES;
				ONLY_ACTIVE_ARCH = YES;
				SDKROOT = iphoneos;
				SWIFT_ACTIVE_COMPILATION_CONDITIONS = DEBUG;
				SWIFT_OPTIMIZATION_LEVEL = "-Onone";
			};
			name = Debug;
		};
		C2B6223423F7931D00D01AAE /* Release */ = {
			isa = XCBuildConfiguration;
			buildSettings = {
				ALWAYS_SEARCH_USER_PATHS = NO;
				CLANG_ANALYZER_NONNULL = YES;
				CLANG_ANALYZER_NUMBER_OBJECT_CONVERSION = YES_AGGRESSIVE;
				CLANG_CXX_LANGUAGE_STANDARD = "gnu++14";
				CLANG_CXX_LIBRARY = "libc++";
				CLANG_ENABLE_MODULES = YES;
				CLANG_ENABLE_OBJC_ARC = YES;
				CLANG_ENABLE_OBJC_WEAK = YES;
				CLANG_WARN_BLOCK_CAPTURE_AUTORELEASING = YES;
				CLANG_WARN_BOOL_CONVERSION = YES;
				CLANG_WARN_COMMA = YES;
				CLANG_WARN_CONSTANT_CONVERSION = YES;
				CLANG_WARN_DEPRECATED_OBJC_IMPLEMENTATIONS = YES;
				CLANG_WARN_DIRECT_OBJC_ISA_USAGE = YES_ERROR;
				CLANG_WARN_DOCUMENTATION_COMMENTS = YES;
				CLANG_WARN_EMPTY_BODY = YES;
				CLANG_WARN_ENUM_CONVERSION = YES;
				CLANG_WARN_INFINITE_RECURSION = YES;
				CLANG_WARN_INT_CONVERSION = YES;
				CLANG_WARN_NON_LITERAL_NULL_CONVERSION = YES;
				CLANG_WARN_OBJC_IMPLICIT_RETAIN_SELF = YES;
				CLANG_WARN_OBJC_LITERAL_CONVERSION = YES;
				CLANG_WARN_OBJC_ROOT_CLASS = YES_ERROR;
				CLANG_WARN_RANGE_LOOP_ANALYSIS = YES;
				CLANG_WARN_STRICT_PROTOTYPES = YES;
				CLANG_WARN_SUSPICIOUS_MOVE = YES;
				CLANG_WARN_UNGUARDED_AVAILABILITY = YES_AGGRESSIVE;
				CLANG_WARN_UNREACHABLE_CODE = YES;
				CLANG_WARN__DUPLICATE_METHOD_MATCH = YES;
				COPY_PHASE_STRIP = NO;
				DEBUG_INFORMATION_FORMAT = "dwarf-with-dsym";
				ENABLE_NS_ASSERTIONS = NO;
				ENABLE_STRICT_OBJC_MSGSEND = YES;
				GCC_C_LANGUAGE_STANDARD = gnu11;
				GCC_NO_COMMON_BLOCKS = YES;
				GCC_WARN_64_TO_32_BIT_CONVERSION = YES;
				GCC_WARN_ABOUT_RETURN_TYPE = YES_ERROR;
				GCC_WARN_UNDECLARED_SELECTOR = YES;
				GCC_WARN_UNINITIALIZED_AUTOS = YES_AGGRESSIVE;
				GCC_WARN_UNUSED_FUNCTION = YES;
				GCC_WARN_UNUSED_VARIABLE = YES;
				IPHONEOS_DEPLOYMENT_TARGET = 13.2;
				MTL_ENABLE_DEBUG_INFO = NO;
				MTL_FAST_MATH = YES;
				SDKROOT = iphoneos;
				SWIFT_COMPILATION_MODE = wholemodule;
				SWIFT_OPTIMIZATION_LEVEL = "-O";
				VALIDATE_PRODUCT = YES;
			};
			name = Release;
		};
		C2B6223623F7931D00D01AAE /* Debug */ = {
			isa = XCBuildConfiguration;
			buildSettings = {
				ASSETCATALOG_COMPILER_APPICON_NAME = AppIcon;
				CODE_SIGN_STYLE = Automatic;
				DEVELOPMENT_ASSET_PATHS = "\"DogsSwiftUI/Preview Content\"";
				ENABLE_PREVIEWS = YES;
				INFOPLIST_FILE = DogsSwiftUI/Info.plist;
				LD_RUNPATH_SEARCH_PATHS = (
					"$(inherited)",
					"@executable_path/Frameworks",
				);
				PRODUCT_BUNDLE_IDENTIFIER = cornellappdev.DogsSwiftUI;
				PRODUCT_NAME = "$(TARGET_NAME)";
				SWIFT_VERSION = 5.0;
				TARGETED_DEVICE_FAMILY = "1,2";
			};
			name = Debug;
		};
		C2B6223723F7931D00D01AAE /* Release */ = {
			isa = XCBuildConfiguration;
			buildSettings = {
				ASSETCATALOG_COMPILER_APPICON_NAME = AppIcon;
				CODE_SIGN_STYLE = Automatic;
				DEVELOPMENT_ASSET_PATHS = "\"DogsSwiftUI/Preview Content\"";
				ENABLE_PREVIEWS = YES;
				INFOPLIST_FILE = DogsSwiftUI/Info.plist;
				LD_RUNPATH_SEARCH_PATHS = (
					"$(inherited)",
					"@executable_path/Frameworks",
				);
				PRODUCT_BUNDLE_IDENTIFIER = cornellappdev.DogsSwiftUI;
				PRODUCT_NAME = "$(TARGET_NAME)";
				SWIFT_VERSION = 5.0;
				TARGETED_DEVICE_FAMILY = "1,2";
			};
			name = Release;
		};
/* End XCBuildConfiguration section */

/* Begin XCConfigurationList section */
		C2B6221C23F7931B00D01AAE /* Build configuration list for PBXProject "DogsSwiftUI" */ = {
			isa = XCConfigurationList;
			buildConfigurations = (
				C2B6223323F7931D00D01AAE /* Debug */,
				C2B6223423F7931D00D01AAE /* Release */,
			);
			defaultConfigurationIsVisible = 0;
			defaultConfigurationName = Release;
		};
		C2B6223523F7931D00D01AAE /* Build configuration list for PBXNativeTarget "DogsSwiftUI" */ = {
			isa = XCConfigurationList;
			buildConfigurations = (
				C2B6223623F7931D00D01AAE /* Debug */,
				C2B6223723F7931D00D01AAE /* Release */,
			);
			defaultConfigurationIsVisible = 0;
			defaultConfigurationName = Release;
		};
/* End XCConfigurationList section */
	};
	rootObject = C2B6221923F7931B00D01AAE /* Project object */;
}
